
Microsoft Visual Studio Solution File, Format Version 12.00
# Visual Studio Version 17
VisualStudioVersion = 17.5.002.0
MinimumVisualStudioVersion = 10.0.40219.1
Project("{9A19103F-16F7-4668-BE54-9A1E7A4F7556}") = "uppfinnaren-1-0-maxie1337", "uppfinnaren-1-0-maxie1337.csproj", "{F57967D8-52D2-46FF-9EB4-641F54C784FF}"
EndProject
Global
	GlobalSection(SolutionConfigurationPlatforms) = preSolution
		Debug|Any CPU = Debug|Any CPU
		Release|Any CPU = Release|Any CPU
	EndGlobalSection
	GlobalSection(ProjectConfigurationPlatforms) = postSolution
		{F57967D8-52D2-46FF-9EB4-641F54C784FF}.Debug|Any CPU.ActiveCfg = Debug|Any CPU
		{F57967D8-52D2-46FF-9EB4-641F54C784FF}.Debug|Any CPU.Build.0 = Debug|Any CPU
		{F57967D8-52D2-46FF-9EB4-641F54C784FF}.Release|Any CPU.ActiveCfg = Release|Any CPU
		{F57967D8-52D2-46FF-9EB4-641F54C784FF}.Release|Any CPU.Build.0 = Release|Any CPU
	EndGlobalSection
	GlobalSection(SolutionProperties) = preSolution
		HideSolutionNode = FALSE
	EndGlobalSection
	GlobalSection(ExtensibilityGlobals) = postSolution
		SolutionGuid = {4D6D318E-528C-4880-BD0D-5926008FAA48}
	EndGlobalSection
EndGlobal
